// !$*UTF8*$!
{
	archiveVersion = 1;
	classes = {
	};
	objectVersion = 50;
	objects = {

/* Begin PBXBuildFile section */
		2704511120CB3C90003B2278 /* AppDelegate.swift in Sources */ = {isa = PBXBuildFile; fileRef = 2704511020CB3C90003B2278 /* AppDelegate.swift */; };
		2704511320CB3C90003B2278 /* MainViewController.swift in Sources */ = {isa = PBXBuildFile; fileRef = 2704511220CB3C90003B2278 /* MainViewController.swift */; };
		2704511620CB3C90003B2278 /* Main.storyboard in Resources */ = {isa = PBXBuildFile; fileRef = 2704511420CB3C90003B2278 /* Main.storyboard */; };
		2704511820CB3C91003B2278 /* Assets.xcassets in Resources */ = {isa = PBXBuildFile; fileRef = 2704511720CB3C91003B2278 /* Assets.xcassets */; };
		2704511B20CB3C91003B2278 /* LaunchScreen.storyboard in Resources */ = {isa = PBXBuildFile; fileRef = 2704511920CB3C91003B2278 /* LaunchScreen.storyboard */; };
		2704512620CB3C91003B2278 /* tipTests.swift in Sources */ = {isa = PBXBuildFile; fileRef = 2704512520CB3C91003B2278 /* tipTests.swift */; };
		2704513520CB3CD7003B2278 /* Injection.swift in Sources */ = {isa = PBXBuildFile; fileRef = 2704513420CB3CD7003B2278 /* Injection.swift */; };
		2704513820CB3D8C003B2278 /* AnimatedTextField.swift in Sources */ = {isa = PBXBuildFile; fileRef = 2704513720CB3D8C003B2278 /* AnimatedTextField.swift */; };
		2704513A20CB414D003B2278 /* DashedView.swift in Sources */ = {isa = PBXBuildFile; fileRef = 2704513920CB414D003B2278 /* DashedView.swift */; };
		2704513C20CB4E92003B2278 /* EmjoiCollectionViewCell.swift in Sources */ = {isa = PBXBuildFile; fileRef = 2704513B20CB4E92003B2278 /* EmjoiCollectionViewCell.swift */; };
		4D4165EDC1414EE67A07900E /* Pods_tip.framework in Frameworks */ = {isa = PBXBuildFile; fileRef = D9E2CCD6E88A6580E6C690B2 /* Pods_tip.framework */; };
		DE2720C7D8CCD39F8DB7215B /* Pods_tipTests.framework in Frameworks */ = {isa = PBXBuildFile; fileRef = D796C1722ABCCF55279C6528 /* Pods_tipTests.framework */; };
/* End PBXBuildFile section */

/* Begin PBXContainerItemProxy section */
		2704512220CB3C91003B2278 /* PBXContainerItemProxy */ = {
			isa = PBXContainerItemProxy;
			containerPortal = 2704510520CB3C8F003B2278 /* Project object */;
			proxyType = 1;
			remoteGlobalIDString = 2704510C20CB3C8F003B2278;
			remoteInfo = tip;
		};
/* End PBXContainerItemProxy section */

/* Begin PBXFileReference section */
		0F8DCA7C649138C22795F9BE /* Pods-tipTests.debug.xcconfig */ = {isa = PBXFileReference; includeInIndex = 1; lastKnownFileType = text.xcconfig; name = "Pods-tipTests.debug.xcconfig"; path = "Pods/Target Support Files/Pods-tipTests/Pods-tipTests.debug.xcconfig"; sourceTree = "<group>"; };
		22B78A9DC86B2E8537851853 /* Pods-tip.debug.xcconfig */ = {isa = PBXFileReference; includeInIndex = 1; lastKnownFileType = text.xcconfig; name = "Pods-tip.debug.xcconfig"; path = "Pods/Target Support Files/Pods-tip/Pods-tip.debug.xcconfig"; sourceTree = "<group>"; };
		2704510D20CB3C90003B2278 /* tip.app */ = {isa = PBXFileReference; explicitFileType = wrapper.application; includeInIndex = 0; path = tip.app; sourceTree = BUILT_PRODUCTS_DIR; };
		2704511020CB3C90003B2278 /* AppDelegate.swift */ = {isa = PBXFileReference; lastKnownFileType = sourcecode.swift; path = AppDelegate.swift; sourceTree = "<group>"; };
		2704511220CB3C90003B2278 /* MainViewController.swift */ = {isa = PBXFileReference; lastKnownFileType = sourcecode.swift; path = MainViewController.swift; sourceTree = "<group>"; };
		2704511520CB3C90003B2278 /* Base */ = {isa = PBXFileReference; lastKnownFileType = file.storyboard; name = Base; path = Base.lproj/Main.storyboard; sourceTree = "<group>"; };
		2704511720CB3C91003B2278 /* Assets.xcassets */ = {isa = PBXFileReference; lastKnownFileType = folder.assetcatalog; path = Assets.xcassets; sourceTree = "<group>"; };
		2704511A20CB3C91003B2278 /* Base */ = {isa = PBXFileReference; lastKnownFileType = file.storyboard; name = Base; path = Base.lproj/LaunchScreen.storyboard; sourceTree = "<group>"; };
		2704511C20CB3C91003B2278 /* Info.plist */ = {isa = PBXFileReference; lastKnownFileType = text.plist.xml; path = Info.plist; sourceTree = "<group>"; };
		2704512120CB3C91003B2278 /* tipTests.xctest */ = {isa = PBXFileReference; explicitFileType = wrapper.cfbundle; includeInIndex = 0; path = tipTests.xctest; sourceTree = BUILT_PRODUCTS_DIR; };
		2704512520CB3C91003B2278 /* tipTests.swift */ = {isa = PBXFileReference; lastKnownFileType = sourcecode.swift; path = tipTests.swift; sourceTree = "<group>"; };
		2704512720CB3C91003B2278 /* Info.plist */ = {isa = PBXFileReference; lastKnownFileType = text.plist.xml; path = Info.plist; sourceTree = "<group>"; };
		2704513420CB3CD7003B2278 /* Injection.swift */ = {isa = PBXFileReference; lastKnownFileType = sourcecode.swift; path = Injection.swift; sourceTree = "<group>"; };
		2704513720CB3D8C003B2278 /* AnimatedTextField.swift */ = {isa = PBXFileReference; lastKnownFileType = sourcecode.swift; path = AnimatedTextField.swift; sourceTree = "<group>"; };
		2704513920CB414D003B2278 /* DashedView.swift */ = {isa = PBXFileReference; lastKnownFileType = sourcecode.swift; path = DashedView.swift; sourceTree = "<group>"; };
		2704513B20CB4E92003B2278 /* EmjoiCollectionViewCell.swift */ = {isa = PBXFileReference; lastKnownFileType = sourcecode.swift; path = EmjoiCollectionViewCell.swift; sourceTree = "<group>"; };
		273E900E20CD21C40062DBC4 /* Experiment.playground */ = {isa = PBXFileReference; lastKnownFileType = file.playground; path = Experiment.playground; sourceTree = "<group>"; xcLanguageSpecificationIdentifier = xcode.lang.swift; };
		32F90D9378BFD7A26FF687BD /* Pods-tipTests.release.xcconfig */ = {isa = PBXFileReference; includeInIndex = 1; lastKnownFileType = text.xcconfig; name = "Pods-tipTests.release.xcconfig"; path = "Pods/Target Support Files/Pods-tipTests/Pods-tipTests.release.xcconfig"; sourceTree = "<group>"; };
		D796C1722ABCCF55279C6528 /* Pods_tipTests.framework */ = {isa = PBXFileReference; explicitFileType = wrapper.framework; includeInIndex = 0; path = Pods_tipTests.framework; sourceTree = BUILT_PRODUCTS_DIR; };
		D9E2CCD6E88A6580E6C690B2 /* Pods_tip.framework */ = {isa = PBXFileReference; explicitFileType = wrapper.framework; includeInIndex = 0; path = Pods_tip.framework; sourceTree = BUILT_PRODUCTS_DIR; };
		E51F04111AD62292AD53A74C /* Pods-tip.release.xcconfig */ = {isa = PBXFileReference; includeInIndex = 1; lastKnownFileType = text.xcconfig; name = "Pods-tip.release.xcconfig"; path = "Pods/Target Support Files/Pods-tip/Pods-tip.release.xcconfig"; sourceTree = "<group>"; };
/* End PBXFileReference section */

/* Begin PBXFrameworksBuildPhase section */
		2704510A20CB3C8F003B2278 /* Frameworks */ = {
			isa = PBXFrameworksBuildPhase;
			buildActionMask = 2147483647;
			files = (
				4D4165EDC1414EE67A07900E /* Pods_tip.framework in Frameworks */,
			);
			runOnlyForDeploymentPostprocessing = 0;
		};
		2704511E20CB3C91003B2278 /* Frameworks */ = {
			isa = PBXFrameworksBuildPhase;
			buildActionMask = 2147483647;
			files = (
				DE2720C7D8CCD39F8DB7215B /* Pods_tipTests.framework in Frameworks */,
			);
			runOnlyForDeploymentPostprocessing = 0;
		};
/* End PBXFrameworksBuildPhase section */

/* Begin PBXGroup section */
		2704510420CB3C8F003B2278 = {
			isa = PBXGroup;
			children = (
				273E900E20CD21C40062DBC4 /* Experiment.playground */,
				2704510F20CB3C90003B2278 /* tip */,
				2704512420CB3C91003B2278 /* tipTests */,
				2704510E20CB3C90003B2278 /* Products */,
				3F8E87596D1BE0DF967F9736 /* Pods */,
				649CC87AA6F80A12A43B405D /* Frameworks */,
			);
			sourceTree = "<group>";
		};
		2704510E20CB3C90003B2278 /* Products */ = {
			isa = PBXGroup;
			children = (
				2704510D20CB3C90003B2278 /* tip.app */,
				2704512120CB3C91003B2278 /* tipTests.xctest */,
			);
			name = Products;
			sourceTree = "<group>";
		};
		2704510F20CB3C90003B2278 /* tip */ = {
			isa = PBXGroup;
			children = (
				2704513220CB3CA8003B2278 /* Base */,
				2704513020CB3C98003B2278 /* Presentation */,
				2704513320CB3CB0003B2278 /* Model */,
				2704513120CB3CA0003B2278 /* Data */,
				2704511C20CB3C91003B2278 /* Info.plist */,
			);
			path = tip;
			sourceTree = "<group>";
		};
		2704512420CB3C91003B2278 /* tipTests */ = {
			isa = PBXGroup;
			children = (
				2704512520CB3C91003B2278 /* tipTests.swift */,
				2704512720CB3C91003B2278 /* Info.plist */,
			);
			path = tipTests;
			sourceTree = "<group>";
		};
		2704513020CB3C98003B2278 /* Presentation */ = {
			isa = PBXGroup;
			children = (
				2704513620CB3D50003B2278 /* Views */,
				2704511220CB3C90003B2278 /* MainViewController.swift */,
				2704511420CB3C90003B2278 /* Main.storyboard */,
				2704511920CB3C91003B2278 /* LaunchScreen.storyboard */,
			);
			path = Presentation;
			sourceTree = "<group>";
		};
		2704513120CB3CA0003B2278 /* Data */ = {
			isa = PBXGroup;
			children = (
			);
			path = Data;
			sourceTree = "<group>";
		};
		2704513220CB3CA8003B2278 /* Base */ = {
			isa = PBXGroup;
			children = (
				2704511020CB3C90003B2278 /* AppDelegate.swift */,
				2704513420CB3CD7003B2278 /* Injection.swift */,
				2704511720CB3C91003B2278 /* Assets.xcassets */,
			);
			path = Base;
			sourceTree = "<group>";
		};
		2704513320CB3CB0003B2278 /* Model */ = {
			isa = PBXGroup;
			children = (
			);
			path = Model;
			sourceTree = "<group>";
		};
		2704513620CB3D50003B2278 /* Views */ = {
			isa = PBXGroup;
			children = (
				2704513720CB3D8C003B2278 /* AnimatedTextField.swift */,
				2704513920CB414D003B2278 /* DashedView.swift */,
				2704513B20CB4E92003B2278 /* EmjoiCollectionViewCell.swift */,
			);
			path = Views;
			sourceTree = "<group>";
		};
		3F8E87596D1BE0DF967F9736 /* Pods */ = {
			isa = PBXGroup;
			children = (
				22B78A9DC86B2E8537851853 /* Pods-tip.debug.xcconfig */,
				E51F04111AD62292AD53A74C /* Pods-tip.release.xcconfig */,
				0F8DCA7C649138C22795F9BE /* Pods-tipTests.debug.xcconfig */,
				32F90D9378BFD7A26FF687BD /* Pods-tipTests.release.xcconfig */,
			);
			name = Pods;
			sourceTree = "<group>";
		};
		649CC87AA6F80A12A43B405D /* Frameworks */ = {
			isa = PBXGroup;
			children = (
				D9E2CCD6E88A6580E6C690B2 /* Pods_tip.framework */,
				D796C1722ABCCF55279C6528 /* Pods_tipTests.framework */,
			);
			name = Frameworks;
			sourceTree = "<group>";
		};
/* End PBXGroup section */

/* Begin PBXNativeTarget section */
		2704510C20CB3C8F003B2278 /* tip */ = {
			isa = PBXNativeTarget;
			buildConfigurationList = 2704512A20CB3C91003B2278 /* Build configuration list for PBXNativeTarget "tip" */;
			buildPhases = (
				F5EBFFF843F29CF01ADB0D6C /* [CP] Check Pods Manifest.lock */,
				2704510920CB3C8F003B2278 /* Sources */,
				2704510A20CB3C8F003B2278 /* Frameworks */,
				2704510B20CB3C8F003B2278 /* Resources */,
			);
			buildRules = (
			);
			dependencies = (
			);
			name = tip;
			productName = tip;
			productReference = 2704510D20CB3C90003B2278 /* tip.app */;
			productType = "com.apple.product-type.application";
		};
		2704512020CB3C91003B2278 /* tipTests */ = {
			isa = PBXNativeTarget;
			buildConfigurationList = 2704512D20CB3C91003B2278 /* Build configuration list for PBXNativeTarget "tipTests" */;
			buildPhases = (
				397BFE01EF08C382A2AB474F /* [CP] Check Pods Manifest.lock */,
				2704511D20CB3C91003B2278 /* Sources */,
				2704511E20CB3C91003B2278 /* Frameworks */,
				2704511F20CB3C91003B2278 /* Resources */,
			);
			buildRules = (
			);
			dependencies = (
				2704512320CB3C91003B2278 /* PBXTargetDependency */,
			);
			name = tipTests;
			productName = tipTests;
			productReference = 2704512120CB3C91003B2278 /* tipTests.xctest */;
			productType = "com.apple.product-type.bundle.unit-test";
		};
/* End PBXNativeTarget section */

/* Begin PBXProject section */
		2704510520CB3C8F003B2278 /* Project object */ = {
			isa = PBXProject;
			attributes = {
				LastSwiftUpdateCheck = 0940;
				LastUpgradeCheck = 0940;
				ORGANIZATIONNAME = "Michael Fröhlich";
				TargetAttributes = {
					2704510C20CB3C8F003B2278 = {
						CreatedOnToolsVersion = 9.4;
					};
					2704512020CB3C91003B2278 = {
						CreatedOnToolsVersion = 9.4;
						TestTargetID = 2704510C20CB3C8F003B2278;
					};
				};
			};
			buildConfigurationList = 2704510820CB3C8F003B2278 /* Build configuration list for PBXProject "tip" */;
			compatibilityVersion = "Xcode 9.3";
			developmentRegion = en;
			hasScannedForEncodings = 0;
			knownRegions = (
				en,
				Base,
			);
			mainGroup = 2704510420CB3C8F003B2278;
			productRefGroup = 2704510E20CB3C90003B2278 /* Products */;
			projectDirPath = "";
			projectRoot = "";
			targets = (
				2704510C20CB3C8F003B2278 /* tip */,
				2704512020CB3C91003B2278 /* tipTests */,
			);
		};
/* End PBXProject section */

/* Begin PBXResourcesBuildPhase section */
		2704510B20CB3C8F003B2278 /* Resources */ = {
			isa = PBXResourcesBuildPhase;
			buildActionMask = 2147483647;
			files = (
				2704511B20CB3C91003B2278 /* LaunchScreen.storyboard in Resources */,
				2704511820CB3C91003B2278 /* Assets.xcassets in Resources */,
				2704511620CB3C90003B2278 /* Main.storyboard in Resources */,
			);
			runOnlyForDeploymentPostprocessing = 0;
		};
		2704511F20CB3C91003B2278 /* Resources */ = {
			isa = PBXResourcesBuildPhase;
			buildActionMask = 2147483647;
			files = (
			);
			runOnlyForDeploymentPostprocessing = 0;
		};
/* End PBXResourcesBuildPhase section */

/* Begin PBXShellScriptBuildPhase section */
		397BFE01EF08C382A2AB474F /* [CP] Check Pods Manifest.lock */ = {
			isa = PBXShellScriptBuildPhase;
			buildActionMask = 2147483647;
			files = (
			);
			inputPaths = (
				"${PODS_PODFILE_DIR_PATH}/Podfile.lock",
				"${PODS_ROOT}/Manifest.lock",
			);
			name = "[CP] Check Pods Manifest.lock";
			outputPaths = (
				"$(DERIVED_FILE_DIR)/Pods-tipTests-checkManifestLockResult.txt",
			);
			runOnlyForDeploymentPostprocessing = 0;
			shellPath = /bin/sh;
			shellScript = "diff \"${PODS_PODFILE_DIR_PATH}/Podfile.lock\" \"${PODS_ROOT}/Manifest.lock\" > /dev/null\nif [ $? != 0 ] ; then\n    # print error to STDERR\n    echo \"error: The sandbox is not in sync with the Podfile.lock. Run 'pod install' or update your CocoaPods installation.\" >&2\n    exit 1\nfi\n# This output is used by Xcode 'outputs' to avoid re-running this script phase.\necho \"SUCCESS\" > \"${SCRIPT_OUTPUT_FILE_0}\"\n";
			showEnvVarsInLog = 0;
		};
		F5EBFFF843F29CF01ADB0D6C /* [CP] Check Pods Manifest.lock */ = {
			isa = PBXShellScriptBuildPhase;
			buildActionMask = 2147483647;
			files = (
			);
			inputPaths = (
				"${PODS_PODFILE_DIR_PATH}/Podfile.lock",
				"${PODS_ROOT}/Manifest.lock",
			);
			name = "[CP] Check Pods Manifest.lock";
			outputPaths = (
				"$(DERIVED_FILE_DIR)/Pods-tip-checkManifestLockResult.txt",
			);
			runOnlyForDeploymentPostprocessing = 0;
			shellPath = /bin/sh;
			shellScript = "diff \"${PODS_PODFILE_DIR_PATH}/Podfile.lock\" \"${PODS_ROOT}/Manifest.lock\" > /dev/null\nif [ $? != 0 ] ; then\n    # print error to STDERR\n    echo \"error: The sandbox is not in sync with the Podfile.lock. Run 'pod install' or update your CocoaPods installation.\" >&2\n    exit 1\nfi\n# This output is used by Xcode 'outputs' to avoid re-running this script phase.\necho \"SUCCESS\" > \"${SCRIPT_OUTPUT_FILE_0}\"\n";
			showEnvVarsInLog = 0;
		};
/* End PBXShellScriptBuildPhase section */

/* Begin PBXSourcesBuildPhase section */
		2704510920CB3C8F003B2278 /* Sources */ = {
			isa = PBXSourcesBuildPhase;
			buildActionMask = 2147483647;
			files = (
				2704513A20CB414D003B2278 /* DashedView.swift in Sources */,
				2704513520CB3CD7003B2278 /* Injection.swift in Sources */,
				2704511320CB3C90003B2278 /* MainViewController.swift in Sources */,
				2704513820CB3D8C003B2278 /* AnimatedTextField.swift in Sources */,
				2704511120CB3C90003B2278 /* AppDelegate.swift in Sources */,
				2704513C20CB4E92003B2278 /* EmjoiCollectionViewCell.swift in Sources */,
			);
			runOnlyForDeploymentPostprocessing = 0;
		};
		2704511D20CB3C91003B2278 /* Sources */ = {
			isa = PBXSourcesBuildPhase;
			buildActionMask = 2147483647;
			files = (
				2704512620CB3C91003B2278 /* tipTests.swift in Sources */,
			);
			runOnlyForDeploymentPostprocessing = 0;
		};
/* End PBXSourcesBuildPhase section */

/* Begin PBXTargetDependency section */
		2704512320CB3C91003B2278 /* PBXTargetDependency */ = {
			isa = PBXTargetDependency;
			target = 2704510C20CB3C8F003B2278 /* tip */;
			targetProxy = 2704512220CB3C91003B2278 /* PBXContainerItemProxy */;
		};
/* End PBXTargetDependency section */

/* Begin PBXVariantGroup section */
		2704511420CB3C90003B2278 /* Main.storyboard */ = {
			isa = PBXVariantGroup;
			children = (
				2704511520CB3C90003B2278 /* Base */,
			);
			name = Main.storyboard;
			sourceTree = "<group>";
		};
		2704511920CB3C91003B2278 /* LaunchScreen.storyboard */ = {
			isa = PBXVariantGroup;
			children = (
				2704511A20CB3C91003B2278 /* Base */,
			);
			name = LaunchScreen.storyboard;
			sourceTree = "<group>";
		};
/* End PBXVariantGroup section */

/* Begin XCBuildConfiguration section */
		2704512820CB3C91003B2278 /* Debug */ = {
			isa = XCBuildConfiguration;
			buildSettings = {
				ALWAYS_SEARCH_USER_PATHS = NO;
				CLANG_ANALYZER_NONNULL = YES;
				CLANG_ANALYZER_NUMBER_OBJECT_CONVERSION = YES_AGGRESSIVE;
				CLANG_CXX_LANGUAGE_STANDARD = "gnu++14";
				CLANG_CXX_LIBRARY = "libc++";
				CLANG_ENABLE_MODULES = YES;
				CLANG_ENABLE_OBJC_ARC = YES;
				CLANG_ENABLE_OBJC_WEAK = YES;
				CLANG_WARN_BLOCK_CAPTURE_AUTORELEASING = YES;
				CLANG_WARN_BOOL_CONVERSION = YES;
				CLANG_WARN_COMMA = YES;
				CLANG_WARN_CONSTANT_CONVERSION = YES;
				CLANG_WARN_DEPRECATED_OBJC_IMPLEMENTATIONS = YES;
				CLANG_WARN_DIRECT_OBJC_ISA_USAGE = YES_ERROR;
				CLANG_WARN_DOCUMENTATION_COMMENTS = YES;
				CLANG_WARN_EMPTY_BODY = YES;
				CLANG_WARN_ENUM_CONVERSION = YES;
				CLANG_WARN_INFINITE_RECURSION = YES;
				CLANG_WARN_INT_CONVERSION = YES;
				CLANG_WARN_NON_LITERAL_NULL_CONVERSION = YES;
				CLANG_WARN_OBJC_IMPLICIT_RETAIN_SELF = YES;
				CLANG_WARN_OBJC_LITERAL_CONVERSION = YES;
				CLANG_WARN_OBJC_ROOT_CLASS = YES_ERROR;
				CLANG_WARN_RANGE_LOOP_ANALYSIS = YES;
				CLANG_WARN_STRICT_PROTOTYPES = YES;
				CLANG_WARN_SUSPICIOUS_MOVE = YES;
				CLANG_WARN_UNGUARDED_AVAILABILITY = YES_AGGRESSIVE;
				CLANG_WARN_UNREACHABLE_CODE = YES;
				CLANG_WARN__DUPLICATE_METHOD_MATCH = YES;
				CODE_SIGN_IDENTITY = "iPhone Developer";
				COPY_PHASE_STRIP = NO;
				DEBUG_INFORMATION_FORMAT = dwarf;
				ENABLE_STRICT_OBJC_MSGSEND = YES;
				ENABLE_TESTABILITY = YES;
				GCC_C_LANGUAGE_STANDARD = gnu11;
				GCC_DYNAMIC_NO_PIC = NO;
				GCC_NO_COMMON_BLOCKS = YES;
				GCC_OPTIMIZATION_LEVEL = 0;
				GCC_PREPROCESSOR_DEFINITIONS = (
					"DEBUG=1",
					"$(inherited)",
				);
				GCC_WARN_64_TO_32_BIT_CONVERSION = YES;
				GCC_WARN_ABOUT_RETURN_TYPE = YES_ERROR;
				GCC_WARN_UNDECLARED_SELECTOR = YES;
				GCC_WARN_UNINITIALIZED_AUTOS = YES_AGGRESSIVE;
				GCC_WARN_UNUSED_FUNCTION = YES;
				GCC_WARN_UNUSED_VARIABLE = YES;
				IPHONEOS_DEPLOYMENT_TARGET = 11.4;
				MTL_ENABLE_DEBUG_INFO = YES;
				ONLY_ACTIVE_ARCH = YES;
				SDKROOT = iphoneos;
				SWIFT_ACTIVE_COMPILATION_CONDITIONS = DEBUG;
				SWIFT_OPTIMIZATION_LEVEL = "-Onone";
			};
			name = Debug;
		};
		2704512920CB3C91003B2278 /* Release */ = {
			isa = XCBuildConfiguration;
			buildSettings = {
				ALWAYS_SEARCH_USER_PATHS = NO;
				CLANG_ANALYZER_NONNULL = YES;
				CLANG_ANALYZER_NUMBER_OBJECT_CONVERSION = YES_AGGRESSIVE;
				CLANG_CXX_LANGUAGE_STANDARD = "gnu++14";
				CLANG_CXX_LIBRARY = "libc++";
				CLANG_ENABLE_MODULES = YES;
				CLANG_ENABLE_OBJC_ARC = YES;
				CLANG_ENABLE_OBJC_WEAK = YES;
				CLANG_WARN_BLOCK_CAPTURE_AUTORELEASING = YES;
				CLANG_WARN_BOOL_CONVERSION = YES;
				CLANG_WARN_COMMA = YES;
				CLANG_WARN_CONSTANT_CONVERSION = YES;
				CLANG_WARN_DEPRECATED_OBJC_IMPLEMENTATIONS = YES;
				CLANG_WARN_DIRECT_OBJC_ISA_USAGE = YES_ERROR;
				CLANG_WARN_DOCUMENTATION_COMMENTS = YES;
				CLANG_WARN_EMPTY_BODY = YES;
				CLANG_WARN_ENUM_CONVERSION = YES;
				CLANG_WARN_INFINITE_RECURSION = YES;
				CLANG_WARN_INT_CONVERSION = YES;
				CLANG_WARN_NON_LITERAL_NULL_CONVERSION = YES;
				CLANG_WARN_OBJC_IMPLICIT_RETAIN_SELF = YES;
				CLANG_WARN_OBJC_LITERAL_CONVERSION = YES;
				CLANG_WARN_OBJC_ROOT_CLASS = YES_ERROR;
				CLANG_WARN_RANGE_LOOP_ANALYSIS = YES;
				CLANG_WARN_STRICT_PROTOTYPES = YES;
				CLANG_WARN_SUSPICIOUS_MOVE = YES;
				CLANG_WARN_UNGUARDED_AVAILABILITY = YES_AGGRESSIVE;
				CLANG_WARN_UNREACHABLE_CODE = YES;
				CLANG_WARN__DUPLICATE_METHOD_MATCH = YES;
				CODE_SIGN_IDENTITY = "iPhone Developer";
				COPY_PHASE_STRIP = NO;
				DEBUG_INFORMATION_FORMAT = "dwarf-with-dsym";
				ENABLE_NS_ASSERTIONS = NO;
				ENABLE_STRICT_OBJC_MSGSEND = YES;
				GCC_C_LANGUAGE_STANDARD = gnu11;
				GCC_NO_COMMON_BLOCKS = YES;
				GCC_WARN_64_TO_32_BIT_CONVERSION = YES;
				GCC_WARN_ABOUT_RETURN_TYPE = YES_ERROR;
				GCC_WARN_UNDECLARED_SELECTOR = YES;
				GCC_WARN_UNINITIALIZED_AUTOS = YES_AGGRESSIVE;
				GCC_WARN_UNUSED_FUNCTION = YES;
				GCC_WARN_UNUSED_VARIABLE = YES;
				IPHONEOS_DEPLOYMENT_TARGET = 11.4;
				MTL_ENABLE_DEBUG_INFO = NO;
				SDKROOT = iphoneos;
				SWIFT_COMPILATION_MODE = wholemodule;
				SWIFT_OPTIMIZATION_LEVEL = "-O";
				VALIDATE_PRODUCT = YES;
			};
			name = Release;
		};
		2704512B20CB3C91003B2278 /* Debug */ = {
			isa = XCBuildConfiguration;
			baseConfigurationReference = 22B78A9DC86B2E8537851853 /* Pods-tip.debug.xcconfig */;
			buildSettings = {
				ASSETCATALOG_COMPILER_APPICON_NAME = AppIcon;
				CODE_SIGN_STYLE = Automatic;
				DEVELOPMENT_TEAM = 8739VU9P7E;
				INFOPLIST_FILE = tip/Info.plist;
				LD_RUNPATH_SEARCH_PATHS = (
					"$(inherited)",
					"@executable_path/Frameworks",
				);
				PRODUCT_BUNDLE_IDENTIFIER = at.frhlch.ios.test.tip;
				PRODUCT_NAME = "$(TARGET_NAME)";
				SWIFT_VERSION = 4.0;
				TARGETED_DEVICE_FAMILY = "1,2";
			};
			name = Debug;
		};
		2704512C20CB3C91003B2278 /* Release */ = {
			isa = XCBuildConfiguration;
			baseConfigurationReference = E51F04111AD62292AD53A74C /* Pods-tip.release.xcconfig */;
			buildSettings = {
				ASSETCATALOG_COMPILER_APPICON_NAME = AppIcon;
				CODE_SIGN_STYLE = Automatic;
				DEVELOPMENT_TEAM = 8739VU9P7E;
				INFOPLIST_FILE = tip/Info.plist;
				LD_RUNPATH_SEARCH_PATHS = (
					"$(inherited)",
					"@executable_path/Frameworks",
				);
				PRODUCT_BUNDLE_IDENTIFIER = at.frhlch.ios.test.tip;
				PRODUCT_NAME = "$(TARGET_NAME)";
				SWIFT_VERSION = 4.0;
				TARGETED_DEVICE_FAMILY = "1,2";
			};
			name = Release;
		};
		2704512E20CB3C91003B2278 /* Debug */ = {
			isa = XCBuildConfiguration;
			baseConfigurationReference = 0F8DCA7C649138C22795F9BE /* Pods-tipTests.debug.xcconfig */;
			buildSettings = {
				ALWAYS_EMBED_SWIFT_STANDARD_LIBRARIES = YES;
				BUNDLE_LOADER = "$(TEST_HOST)";
				CODE_SIGN_STYLE = Automatic;
				DEVELOPMENT_TEAM = 8739VU9P7E;
				INFOPLIST_FILE = tipTests/Info.plist;
				LD_RUNPATH_SEARCH_PATHS = (
					"$(inherited)",
					"@executable_path/Frameworks",
					"@loader_path/Frameworks",
				);
				PRODUCT_BUNDLE_IDENTIFIER = at.frhlch.ios.test.tipTests;
				PRODUCT_NAME = "$(TARGET_NAME)";
				SWIFT_VERSION = 4.0;
				TARGETED_DEVICE_FAMILY = "1,2";
				TEST_HOST = "$(BUILT_PRODUCTS_DIR)/tip.app/tip";
			};
			name = Debug;
		};
		2704512F20CB3C91003B2278 /* Release */ = {
			isa = XCBuildConfiguration;
			baseConfigurationReference = 32F90D9378BFD7A26FF687BD /* Pods-tipTests.release.xcconfig */;
			buildSettings = {
				ALWAYS_EMBED_SWIFT_STANDARD_LIBRARIES = YES;
				BUNDLE_LOADER = "$(TEST_HOST)";
				CODE_SIGN_STYLE = Automatic;
				DEVELOPMENT_TEAM = 8739VU9P7E;
				INFOPLIST_FILE = tipTests/Info.plist;
				LD_RUNPATH_SEARCH_PATHS = (
					"$(inherited)",
					"@executable_path/Frameworks",
					"@loader_path/Frameworks",
				);
				PRODUCT_BUNDLE_IDENTIFIER = at.frhlch.ios.test.tipTests;
				PRODUCT_NAME = "$(TARGET_NAME)";
				SWIFT_VERSION = 4.0;
				TARGETED_DEVICE_FAMILY = "1,2";
				TEST_HOST = "$(BUILT_PRODUCTS_DIR)/tip.app/tip";
			};
			name = Release;
		};
/* End XCBuildConfiguration section */

/* Begin XCConfigurationList section */
		2704510820CB3C8F003B2278 /* Build configuration list for PBXProject "tip" */ = {
			isa = XCConfigurationList;
			buildConfigurations = (
				2704512820CB3C91003B2278 /* Debug */,
				2704512920CB3C91003B2278 /* Release */,
			);
			defaultConfigurationIsVisible = 0;
			defaultConfigurationName = Release;
		};
		2704512A20CB3C91003B2278 /* Build configuration list for PBXNativeTarget "tip" */ = {
			isa = XCConfigurationList;
			buildConfigurations = (
				2704512B20CB3C91003B2278 /* Debug */,
				2704512C20CB3C91003B2278 /* Release */,
			);
			defaultConfigurationIsVisible = 0;
			defaultConfigurationName = Release;
		};
		2704512D20CB3C91003B2278 /* Build configuration list for PBXNativeTarget "tipTests" */ = {
			isa = XCConfigurationList;
			buildConfigurations = (
				2704512E20CB3C91003B2278 /* Debug */,
				2704512F20CB3C91003B2278 /* Release */,
			);
			defaultConfigurationIsVisible = 0;
			defaultConfigurationName = Release;
		};
/* End XCConfigurationList section */
	};
	rootObject = 2704510520CB3C8F003B2278 /* Project object */;
}
